// !$*UTF8*$!
{
	archiveVersion = 1;
	classes = {
	};
	objectVersion = 46;
	objects = {

/* Begin PBXBuildFile section */
		1A22944D86062EEEC76775B6 /* Pods_Tutus_InviteUITests.framework in Frameworks */ = {isa = PBXBuildFile; fileRef = EFFE6F223C91CAFB6C479E3A /* Pods_Tutus_InviteUITests.framework */; };
		2690F267C474FED9B95F8BB3 /* Pods_Tutus_InviteTests.framework in Frameworks */ = {isa = PBXBuildFile; fileRef = 8CE4C895813A82F33B18D2E1 /* Pods_Tutus_InviteTests.framework */; };
		B93D65E81DF0E82700210219 /* AppDelegate.swift in Sources */ = {isa = PBXBuildFile; fileRef = B93D65E71DF0E82700210219 /* AppDelegate.swift */; };
		B93D65EA1DF0E82700210219 /* ViewController.swift in Sources */ = {isa = PBXBuildFile; fileRef = B93D65E91DF0E82700210219 /* ViewController.swift */; };
		B93D65ED1DF0E82700210219 /* Main.storyboard in Resources */ = {isa = PBXBuildFile; fileRef = B93D65EB1DF0E82700210219 /* Main.storyboard */; };
		B93D65EF1DF0E82700210219 /* Assets.xcassets in Resources */ = {isa = PBXBuildFile; fileRef = B93D65EE1DF0E82700210219 /* Assets.xcassets */; };
		B93D65F21DF0E82700210219 /* LaunchScreen.storyboard in Resources */ = {isa = PBXBuildFile; fileRef = B93D65F01DF0E82700210219 /* LaunchScreen.storyboard */; };
		B93D65FD1DF0E82800210219 /* Tutus_InviteTests.swift in Sources */ = {isa = PBXBuildFile; fileRef = B93D65FC1DF0E82800210219 /* Tutus_InviteTests.swift */; };
		B93D66081DF0E82800210219 /* Tutus_InviteUITests.swift in Sources */ = {isa = PBXBuildFile; fileRef = B93D66071DF0E82800210219 /* Tutus_InviteUITests.swift */; };
		B93D661D1DF0F2FE00210219 /* UserClient.swift in Sources */ = {isa = PBXBuildFile; fileRef = B93D66171DF0F2FE00210219 /* UserClient.swift */; };
		B93D661E1DF0F2FE00210219 /* BaseViewController.swift in Sources */ = {isa = PBXBuildFile; fileRef = B93D66181DF0F2FE00210219 /* BaseViewController.swift */; };
		B93D661F1DF0F2FE00210219 /* LoginClient.swift in Sources */ = {isa = PBXBuildFile; fileRef = B93D66191DF0F2FE00210219 /* LoginClient.swift */; };
		B93D66201DF0F2FE00210219 /* LoginViewController.swift in Sources */ = {isa = PBXBuildFile; fileRef = B93D661A1DF0F2FE00210219 /* LoginViewController.swift */; };
		B93D66211DF0F2FE00210219 /* LoginParser.swift in Sources */ = {isa = PBXBuildFile; fileRef = B93D661B1DF0F2FE00210219 /* LoginParser.swift */; };
		B93D66221DF0F2FE00210219 /* Login.storyboard in Resources */ = {isa = PBXBuildFile; fileRef = B93D661C1DF0F2FE00210219 /* Login.storyboard */; };
		B93D66241DF0F35400210219 /* MenuViewController.swift in Sources */ = {isa = PBXBuildFile; fileRef = B93D66231DF0F35400210219 /* MenuViewController.swift */; };
		E09C6EB0DB146726BD7D7F8D /* Pods_Tutus_Invite.framework in Frameworks */ = {isa = PBXBuildFile; fileRef = 498EE244F079763DF1D151DB /* Pods_Tutus_Invite.framework */; };
/* End PBXBuildFile section */

/* Begin PBXContainerItemProxy section */
		B93D65F91DF0E82800210219 /* PBXContainerItemProxy */ = {
			isa = PBXContainerItemProxy;
			containerPortal = B93D65DC1DF0E82700210219 /* Project object */;
			proxyType = 1;
			remoteGlobalIDString = B93D65E31DF0E82700210219;
			remoteInfo = "Tutus Invite";
		};
		B93D66041DF0E82800210219 /* PBXContainerItemProxy */ = {
			isa = PBXContainerItemProxy;
			containerPortal = B93D65DC1DF0E82700210219 /* Project object */;
			proxyType = 1;
			remoteGlobalIDString = B93D65E31DF0E82700210219;
			remoteInfo = "Tutus Invite";
		};
/* End PBXContainerItemProxy section */

/* Begin PBXFileReference section */
		1A306E8607648659A4FBB43D /* Pods-Tutus Invite.debug.xcconfig */ = {isa = PBXFileReference; includeInIndex = 1; lastKnownFileType = text.xcconfig; name = "Pods-Tutus Invite.debug.xcconfig"; path = "Pods/Target Support Files/Pods-Tutus Invite/Pods-Tutus Invite.debug.xcconfig"; sourceTree = "<group>"; };
		3114875A9360CA386CE7F203 /* Pods-Tutus InviteUITests.release.xcconfig */ = {isa = PBXFileReference; includeInIndex = 1; lastKnownFileType = text.xcconfig; name = "Pods-Tutus InviteUITests.release.xcconfig"; path = "Pods/Target Support Files/Pods-Tutus InviteUITests/Pods-Tutus InviteUITests.release.xcconfig"; sourceTree = "<group>"; };
		3711247856E68AE01C67B7BB /* Pods-Tutus InviteTests.debug.xcconfig */ = {isa = PBXFileReference; includeInIndex = 1; lastKnownFileType = text.xcconfig; name = "Pods-Tutus InviteTests.debug.xcconfig"; path = "Pods/Target Support Files/Pods-Tutus InviteTests/Pods-Tutus InviteTests.debug.xcconfig"; sourceTree = "<group>"; };
		498EE244F079763DF1D151DB /* Pods_Tutus_Invite.framework */ = {isa = PBXFileReference; explicitFileType = wrapper.framework; includeInIndex = 0; path = Pods_Tutus_Invite.framework; sourceTree = BUILT_PRODUCTS_DIR; };
		88C05D6A9CC4213B9AC37A0B /* Pods-Tutus Invite.release.xcconfig */ = {isa = PBXFileReference; includeInIndex = 1; lastKnownFileType = text.xcconfig; name = "Pods-Tutus Invite.release.xcconfig"; path = "Pods/Target Support Files/Pods-Tutus Invite/Pods-Tutus Invite.release.xcconfig"; sourceTree = "<group>"; };
		8CE4C895813A82F33B18D2E1 /* Pods_Tutus_InviteTests.framework */ = {isa = PBXFileReference; explicitFileType = wrapper.framework; includeInIndex = 0; path = Pods_Tutus_InviteTests.framework; sourceTree = BUILT_PRODUCTS_DIR; };
		B93D65E41DF0E82700210219 /* Tutus Invite.app */ = {isa = PBXFileReference; explicitFileType = wrapper.application; includeInIndex = 0; path = "Tutus Invite.app"; sourceTree = BUILT_PRODUCTS_DIR; };
		B93D65E71DF0E82700210219 /* AppDelegate.swift */ = {isa = PBXFileReference; lastKnownFileType = sourcecode.swift; path = AppDelegate.swift; sourceTree = "<group>"; };
		B93D65E91DF0E82700210219 /* ViewController.swift */ = {isa = PBXFileReference; lastKnownFileType = sourcecode.swift; path = ViewController.swift; sourceTree = "<group>"; };
		B93D65EC1DF0E82700210219 /* Base */ = {isa = PBXFileReference; lastKnownFileType = file.storyboard; name = Base; path = Base.lproj/Main.storyboard; sourceTree = "<group>"; };
		B93D65EE1DF0E82700210219 /* Assets.xcassets */ = {isa = PBXFileReference; lastKnownFileType = folder.assetcatalog; path = Assets.xcassets; sourceTree = "<group>"; };
		B93D65F11DF0E82700210219 /* Base */ = {isa = PBXFileReference; lastKnownFileType = file.storyboard; name = Base; path = Base.lproj/LaunchScreen.storyboard; sourceTree = "<group>"; };
		B93D65F31DF0E82700210219 /* Info.plist */ = {isa = PBXFileReference; lastKnownFileType = text.plist.xml; path = Info.plist; sourceTree = "<group>"; };
		B93D65F81DF0E82800210219 /* Tutus InviteTests.xctest */ = {isa = PBXFileReference; explicitFileType = wrapper.cfbundle; includeInIndex = 0; path = "Tutus InviteTests.xctest"; sourceTree = BUILT_PRODUCTS_DIR; };
		B93D65FC1DF0E82800210219 /* Tutus_InviteTests.swift */ = {isa = PBXFileReference; lastKnownFileType = sourcecode.swift; path = Tutus_InviteTests.swift; sourceTree = "<group>"; };
		B93D65FE1DF0E82800210219 /* Info.plist */ = {isa = PBXFileReference; lastKnownFileType = text.plist.xml; path = Info.plist; sourceTree = "<group>"; };
		B93D66031DF0E82800210219 /* Tutus InviteUITests.xctest */ = {isa = PBXFileReference; explicitFileType = wrapper.cfbundle; includeInIndex = 0; path = "Tutus InviteUITests.xctest"; sourceTree = BUILT_PRODUCTS_DIR; };
		B93D66071DF0E82800210219 /* Tutus_InviteUITests.swift */ = {isa = PBXFileReference; lastKnownFileType = sourcecode.swift; path = Tutus_InviteUITests.swift; sourceTree = "<group>"; };
		B93D66091DF0E82800210219 /* Info.plist */ = {isa = PBXFileReference; lastKnownFileType = text.plist.xml; path = Info.plist; sourceTree = "<group>"; };
		B93D66151DF0E93800210219 /* Tutus Invite.entitlements */ = {isa = PBXFileReference; lastKnownFileType = text.plist.entitlements; path = "Tutus Invite.entitlements"; sourceTree = "<group>"; };
		B93D66171DF0F2FE00210219 /* UserClient.swift */ = {isa = PBXFileReference; fileEncoding = 4; lastKnownFileType = sourcecode.swift; name = UserClient.swift; path = ../../Tutus/Tutus/UserClient.swift; sourceTree = "<group>"; };
		B93D66181DF0F2FE00210219 /* BaseViewController.swift */ = {isa = PBXFileReference; fileEncoding = 4; lastKnownFileType = sourcecode.swift; name = BaseViewController.swift; path = ../../Tutus/Tutus/BaseViewController.swift; sourceTree = "<group>"; };
		B93D66191DF0F2FE00210219 /* LoginClient.swift */ = {isa = PBXFileReference; fileEncoding = 4; lastKnownFileType = sourcecode.swift; name = LoginClient.swift; path = ../../Tutus/Tutus/LoginClient.swift; sourceTree = "<group>"; };
		B93D661A1DF0F2FE00210219 /* LoginViewController.swift */ = {isa = PBXFileReference; fileEncoding = 4; lastKnownFileType = sourcecode.swift; name = LoginViewController.swift; path = ../../Tutus/Tutus/LoginViewController.swift; sourceTree = "<group>"; };
		B93D661B1DF0F2FE00210219 /* LoginParser.swift */ = {isa = PBXFileReference; fileEncoding = 4; lastKnownFileType = sourcecode.swift; name = LoginParser.swift; path = ../../Tutus/Tutus/LoginParser.swift; sourceTree = "<group>"; };
		B93D661C1DF0F2FE00210219 /* Login.storyboard */ = {isa = PBXFileReference; fileEncoding = 4; lastKnownFileType = file.storyboard; name = Login.storyboard; path = ../../Tutus/Tutus/Login.storyboard; sourceTree = "<group>"; };
		B93D66231DF0F35400210219 /* MenuViewController.swift */ = {isa = PBXFileReference; fileEncoding = 4; lastKnownFileType = sourcecode.swift; name = MenuViewController.swift; path = ../../Tutus/Tutus/MenuViewController.swift; sourceTree = "<group>"; };
		BD65FAEC5C88B862E872DED3 /* Pods-Tutus InviteTests.release.xcconfig */ = {isa = PBXFileReference; includeInIndex = 1; lastKnownFileType = text.xcconfig; name = "Pods-Tutus InviteTests.release.xcconfig"; path = "Pods/Target Support Files/Pods-Tutus InviteTests/Pods-Tutus InviteTests.release.xcconfig"; sourceTree = "<group>"; };
		C6AA7FAA3CA086755320F357 /* Pods-Tutus InviteUITests.debug.xcconfig */ = {isa = PBXFileReference; includeInIndex = 1; lastKnownFileType = text.xcconfig; name = "Pods-Tutus InviteUITests.debug.xcconfig"; path = "Pods/Target Support Files/Pods-Tutus InviteUITests/Pods-Tutus InviteUITests.debug.xcconfig"; sourceTree = "<group>"; };
		EFFE6F223C91CAFB6C479E3A /* Pods_Tutus_InviteUITests.framework */ = {isa = PBXFileReference; explicitFileType = wrapper.framework; includeInIndex = 0; path = Pods_Tutus_InviteUITests.framework; sourceTree = BUILT_PRODUCTS_DIR; };
/* End PBXFileReference section */

/* Begin PBXFrameworksBuildPhase section */
		B93D65E11DF0E82700210219 /* Frameworks */ = {
			isa = PBXFrameworksBuildPhase;
			buildActionMask = 2147483647;
			files = (
				E09C6EB0DB146726BD7D7F8D /* Pods_Tutus_Invite.framework in Frameworks */,
			);
			runOnlyForDeploymentPostprocessing = 0;
		};
		B93D65F51DF0E82800210219 /* Frameworks */ = {
			isa = PBXFrameworksBuildPhase;
			buildActionMask = 2147483647;
			files = (
				2690F267C474FED9B95F8BB3 /* Pods_Tutus_InviteTests.framework in Frameworks */,
			);
			runOnlyForDeploymentPostprocessing = 0;
		};
		B93D66001DF0E82800210219 /* Frameworks */ = {
			isa = PBXFrameworksBuildPhase;
			buildActionMask = 2147483647;
			files = (
				1A22944D86062EEEC76775B6 /* Pods_Tutus_InviteUITests.framework in Frameworks */,
			);
			runOnlyForDeploymentPostprocessing = 0;
		};
/* End PBXFrameworksBuildPhase section */

/* Begin PBXGroup section */
		09C7319960E0ECC2C70E6267 /* Frameworks */ = {
			isa = PBXGroup;
			children = (
				498EE244F079763DF1D151DB /* Pods_Tutus_Invite.framework */,
				8CE4C895813A82F33B18D2E1 /* Pods_Tutus_InviteTests.framework */,
				EFFE6F223C91CAFB6C479E3A /* Pods_Tutus_InviteUITests.framework */,
			);
			name = Frameworks;
			sourceTree = "<group>";
		};
		6144747A46FB395774DD8B08 /* Pods */ = {
			isa = PBXGroup;
			children = (
				1A306E8607648659A4FBB43D /* Pods-Tutus Invite.debug.xcconfig */,
				88C05D6A9CC4213B9AC37A0B /* Pods-Tutus Invite.release.xcconfig */,
				3711247856E68AE01C67B7BB /* Pods-Tutus InviteTests.debug.xcconfig */,
				BD65FAEC5C88B862E872DED3 /* Pods-Tutus InviteTests.release.xcconfig */,
				C6AA7FAA3CA086755320F357 /* Pods-Tutus InviteUITests.debug.xcconfig */,
				3114875A9360CA386CE7F203 /* Pods-Tutus InviteUITests.release.xcconfig */,
			);
			name = Pods;
			sourceTree = "<group>";
		};
		B93D65DB1DF0E82700210219 = {
			isa = PBXGroup;
			children = (
				B93D65E61DF0E82700210219 /* Tutus Invite */,
				B93D65FB1DF0E82800210219 /* Tutus InviteTests */,
				B93D66061DF0E82800210219 /* Tutus InviteUITests */,
				B93D65E51DF0E82700210219 /* Products */,
				6144747A46FB395774DD8B08 /* Pods */,
				09C7319960E0ECC2C70E6267 /* Frameworks */,
			);
			sourceTree = "<group>";
		};
		B93D65E51DF0E82700210219 /* Products */ = {
			isa = PBXGroup;
			children = (
				B93D65E41DF0E82700210219 /* Tutus Invite.app */,
				B93D65F81DF0E82800210219 /* Tutus InviteTests.xctest */,
				B93D66031DF0E82800210219 /* Tutus InviteUITests.xctest */,
			);
			name = Products;
			sourceTree = "<group>";
		};
		B93D65E61DF0E82700210219 /* Tutus Invite */ = {
			isa = PBXGroup;
			children = (
				B93D66161DF0F19500210219 /* Main StoryBoard */,
				B93D66251DF0F38400210219 /* Login */,
				B93D66151DF0E93800210219 /* Tutus Invite.entitlements */,
				B93D65E71DF0E82700210219 /* AppDelegate.swift */,
				B93D65EE1DF0E82700210219 /* Assets.xcassets */,
				B93D65F01DF0E82700210219 /* LaunchScreen.storyboard */,
				B93D65F31DF0E82700210219 /* Info.plist */,
			);
			path = "Tutus Invite";
			sourceTree = "<group>";
		};
		B93D65FB1DF0E82800210219 /* Tutus InviteTests */ = {
			isa = PBXGroup;
			children = (
				B93D65FC1DF0E82800210219 /* Tutus_InviteTests.swift */,
				B93D65FE1DF0E82800210219 /* Info.plist */,
			);
			path = "Tutus InviteTests";
			sourceTree = "<group>";
		};
		B93D66061DF0E82800210219 /* Tutus InviteUITests */ = {
			isa = PBXGroup;
			children = (
				B93D66071DF0E82800210219 /* Tutus_InviteUITests.swift */,
				B93D66091DF0E82800210219 /* Info.plist */,
			);
			path = "Tutus InviteUITests";
			sourceTree = "<group>";
		};
		B93D66161DF0F19500210219 /* Main StoryBoard */ = {
			isa = PBXGroup;
			children = (
				B93D65EB1DF0E82700210219 /* Main.storyboard */,
				B93D65E91DF0E82700210219 /* ViewController.swift */,
				B93D66231DF0F35400210219 /* MenuViewController.swift */,
				B93D66181DF0F2FE00210219 /* BaseViewController.swift */,
			);
			name = "Main StoryBoard";
			sourceTree = "<group>";
		};
		B93D66251DF0F38400210219 /* Login */ = {
			isa = PBXGroup;
			children = (
				B93D661C1DF0F2FE00210219 /* Login.storyboard */,
				B93D661B1DF0F2FE00210219 /* LoginParser.swift */,
				B93D661A1DF0F2FE00210219 /* LoginViewController.swift */,
				B93D66171DF0F2FE00210219 /* UserClient.swift */,
				B93D66191DF0F2FE00210219 /* LoginClient.swift */,
			);
			name = Login;
			sourceTree = "<group>";
		};
/* End PBXGroup section */

/* Begin PBXNativeTarget section */
		B93D65E31DF0E82700210219 /* Tutus Invite */ = {
			isa = PBXNativeTarget;
			buildConfigurationList = B93D660C1DF0E82800210219 /* Build configuration list for PBXNativeTarget "Tutus Invite" */;
			buildPhases = (
				38E1E899DDA68797DBA73D2A /* [CP] Check Pods Manifest.lock */,
				B93D65E01DF0E82700210219 /* Sources */,
				B93D65E11DF0E82700210219 /* Frameworks */,
				B93D65E21DF0E82700210219 /* Resources */,
				39AE2D5C04AAE40CAFDB3BE3 /* [CP] Embed Pods Frameworks */,
				AE65755B5597F2C13EF8845C /* [CP] Copy Pods Resources */,
			);
			buildRules = (
			);
			dependencies = (
			);
			name = "Tutus Invite";
			productName = "Tutus Invite";
			productReference = B93D65E41DF0E82700210219 /* Tutus Invite.app */;
			productType = "com.apple.product-type.application";
		};
		B93D65F71DF0E82800210219 /* Tutus InviteTests */ = {
			isa = PBXNativeTarget;
			buildConfigurationList = B93D660F1DF0E82800210219 /* Build configuration list for PBXNativeTarget "Tutus InviteTests" */;
			buildPhases = (
				015A906FB076160FE537CEDD /* [CP] Check Pods Manifest.lock */,
				B93D65F41DF0E82800210219 /* Sources */,
				B93D65F51DF0E82800210219 /* Frameworks */,
				B93D65F61DF0E82800210219 /* Resources */,
				8DFE271A1D855910A3ABAC86 /* [CP] Embed Pods Frameworks */,
				69DB1008468FCC7E72742E1B /* [CP] Copy Pods Resources */,
			);
			buildRules = (
			);
			dependencies = (
				B93D65FA1DF0E82800210219 /* PBXTargetDependency */,
			);
			name = "Tutus InviteTests";
			productName = "Tutus InviteTests";
			productReference = B93D65F81DF0E82800210219 /* Tutus InviteTests.xctest */;
			productType = "com.apple.product-type.bundle.unit-test";
		};
		B93D66021DF0E82800210219 /* Tutus InviteUITests */ = {
			isa = PBXNativeTarget;
			buildConfigurationList = B93D66121DF0E82800210219 /* Build configuration list for PBXNativeTarget "Tutus InviteUITests" */;
			buildPhases = (
				D41E36B13EC0C923C784299F /* [CP] Check Pods Manifest.lock */,
				B93D65FF1DF0E82800210219 /* Sources */,
				B93D66001DF0E82800210219 /* Frameworks */,
				B93D66011DF0E82800210219 /* Resources */,
				FD81300232D42FF709F4DD33 /* [CP] Embed Pods Frameworks */,
				4451A8563C6668D6862EBA55 /* [CP] Copy Pods Resources */,
			);
			buildRules = (
			);
			dependencies = (
				B93D66051DF0E82800210219 /* PBXTargetDependency */,
			);
			name = "Tutus InviteUITests";
			productName = "Tutus InviteUITests";
			productReference = B93D66031DF0E82800210219 /* Tutus InviteUITests.xctest */;
			productType = "com.apple.product-type.bundle.ui-testing";
		};
/* End PBXNativeTarget section */

/* Begin PBXProject section */
		B93D65DC1DF0E82700210219 /* Project object */ = {
			isa = PBXProject;
			attributes = {
				LastSwiftUpdateCheck = 0810;
				LastUpgradeCheck = 0810;
				ORGANIZATIONNAME = "Sebastian Guerrero";
				TargetAttributes = {
					B93D65E31DF0E82700210219 = {
						CreatedOnToolsVersion = 8.1;
						DevelopmentTeam = 4DWM5E7J8T;
						ProvisioningStyle = Automatic;
						SystemCapabilities = {
							com.apple.Keychain = {
								enabled = 1;
							};
						};
					};
					B93D65F71DF0E82800210219 = {
						CreatedOnToolsVersion = 8.1;
						DevelopmentTeam = 4DWM5E7J8T;
						ProvisioningStyle = Automatic;
						TestTargetID = B93D65E31DF0E82700210219;
					};
					B93D66021DF0E82800210219 = {
						CreatedOnToolsVersion = 8.1;
						DevelopmentTeam = 4DWM5E7J8T;
						ProvisioningStyle = Automatic;
						TestTargetID = B93D65E31DF0E82700210219;
					};
				};
			};
			buildConfigurationList = B93D65DF1DF0E82700210219 /* Build configuration list for PBXProject "Tutus Invite" */;
			compatibilityVersion = "Xcode 3.2";
			developmentRegion = English;
			hasScannedForEncodings = 0;
			knownRegions = (
				en,
				Base,
			);
			mainGroup = B93D65DB1DF0E82700210219;
			productRefGroup = B93D65E51DF0E82700210219 /* Products */;
			projectDirPath = "";
			projectRoot = "";
			targets = (
				B93D65E31DF0E82700210219 /* Tutus Invite */,
				B93D65F71DF0E82800210219 /* Tutus InviteTests */,
				B93D66021DF0E82800210219 /* Tutus InviteUITests */,
			);
		};
/* End PBXProject section */

/* Begin PBXResourcesBuildPhase section */
		B93D65E21DF0E82700210219 /* Resources */ = {
			isa = PBXResourcesBuildPhase;
			buildActionMask = 2147483647;
			files = (
				B93D66221DF0F2FE00210219 /* Login.storyboard in Resources */,
				B93D65F21DF0E82700210219 /* LaunchScreen.storyboard in Resources */,
				B93D65EF1DF0E82700210219 /* Assets.xcassets in Resources */,
				B93D65ED1DF0E82700210219 /* Main.storyboard in Resources */,
			);
			runOnlyForDeploymentPostprocessing = 0;
		};
		B93D65F61DF0E82800210219 /* Resources */ = {
			isa = PBXResourcesBuildPhase;
			buildActionMask = 2147483647;
			files = (
			);
			runOnlyForDeploymentPostprocessing = 0;
		};
		B93D66011DF0E82800210219 /* Resources */ = {
			isa = PBXResourcesBuildPhase;
			buildActionMask = 2147483647;
			files = (
			);
			runOnlyForDeploymentPostprocessing = 0;
		};
/* End PBXResourcesBuildPhase section */

/* Begin PBXShellScriptBuildPhase section */
		015A906FB076160FE537CEDD /* [CP] Check Pods Manifest.lock */ = {
			isa = PBXShellScriptBuildPhase;
			buildActionMask = 2147483647;
			files = (
			);
			inputPaths = (
			);
			name = "[CP] Check Pods Manifest.lock";
			outputPaths = (
			);
			runOnlyForDeploymentPostprocessing = 0;
			shellPath = /bin/sh;
			shellScript = "diff \"${PODS_ROOT}/../Podfile.lock\" \"${PODS_ROOT}/Manifest.lock\" > /dev/null\nif [ $? != 0 ] ; then\n    # print error to STDERR\n    echo \"error: The sandbox is not in sync with the Podfile.lock. Run 'pod install' or update your CocoaPods installation.\" >&2\n    exit 1\nfi\n";
			showEnvVarsInLog = 0;
		};
		38E1E899DDA68797DBA73D2A /* [CP] Check Pods Manifest.lock */ = {
			isa = PBXShellScriptBuildPhase;
			buildActionMask = 2147483647;
			files = (
			);
			inputPaths = (
			);
			name = "[CP] Check Pods Manifest.lock";
			outputPaths = (
			);
			runOnlyForDeploymentPostprocessing = 0;
			shellPath = /bin/sh;
			shellScript = "diff \"${PODS_ROOT}/../Podfile.lock\" \"${PODS_ROOT}/Manifest.lock\" > /dev/null\nif [ $? != 0 ] ; then\n    # print error to STDERR\n    echo \"error: The sandbox is not in sync with the Podfile.lock. Run 'pod install' or update your CocoaPods installation.\" >&2\n    exit 1\nfi\n";
			showEnvVarsInLog = 0;
		};
		39AE2D5C04AAE40CAFDB3BE3 /* [CP] Embed Pods Frameworks */ = {
			isa = PBXShellScriptBuildPhase;
			buildActionMask = 2147483647;
			files = (
			);
			inputPaths = (
			);
			name = "[CP] Embed Pods Frameworks";
			outputPaths = (
			);
			runOnlyForDeploymentPostprocessing = 0;
			shellPath = /bin/sh;
			shellScript = "\"${SRCROOT}/Pods/Target Support Files/Pods-Tutus Invite/Pods-Tutus Invite-frameworks.sh\"\n";
			showEnvVarsInLog = 0;
		};
		4451A8563C6668D6862EBA55 /* [CP] Copy Pods Resources */ = {
			isa = PBXShellScriptBuildPhase;
			buildActionMask = 2147483647;
			files = (
			);
			inputPaths = (
			);
			name = "[CP] Copy Pods Resources";
			outputPaths = (
			);
			runOnlyForDeploymentPostprocessing = 0;
			shellPath = /bin/sh;
			shellScript = "\"${SRCROOT}/Pods/Target Support Files/Pods-Tutus InviteUITests/Pods-Tutus InviteUITests-resources.sh\"\n";
			showEnvVarsInLog = 0;
		};
		69DB1008468FCC7E72742E1B /* [CP] Copy Pods Resources */ = {
			isa = PBXShellScriptBuildPhase;
			buildActionMask = 2147483647;
			files = (
			);
			inputPaths = (
			);
			name = "[CP] Copy Pods Resources";
			outputPaths = (
			);
			runOnlyForDeploymentPostprocessing = 0;
			shellPath = /bin/sh;
			shellScript = "\"${SRCROOT}/Pods/Target Support Files/Pods-Tutus InviteTests/Pods-Tutus InviteTests-resources.sh\"\n";
			showEnvVarsInLog = 0;
		};
		8DFE271A1D855910A3ABAC86 /* [CP] Embed Pods Frameworks */ = {
			isa = PBXShellScriptBuildPhase;
			buildActionMask = 2147483647;
			files = (
			);
			inputPaths = (
			);
			name = "[CP] Embed Pods Frameworks";
			outputPaths = (
			);
			runOnlyForDeploymentPostprocessing = 0;
			shellPath = /bin/sh;
			shellScript = "\"${SRCROOT}/Pods/Target Support Files/Pods-Tutus InviteTests/Pods-Tutus InviteTests-frameworks.sh\"\n";
			showEnvVarsInLog = 0;
		};
		AE65755B5597F2C13EF8845C /* [CP] Copy Pods Resources */ = {
			isa = PBXShellScriptBuildPhase;
			buildActionMask = 2147483647;
			files = (
			);
			inputPaths = (
			);
			name = "[CP] Copy Pods Resources";
			outputPaths = (
			);
			runOnlyForDeploymentPostprocessing = 0;
			shellPath = /bin/sh;
			shellScript = "\"${SRCROOT}/Pods/Target Support Files/Pods-Tutus Invite/Pods-Tutus Invite-resources.sh\"\n";
			showEnvVarsInLog = 0;
		};
		D41E36B13EC0C923C784299F /* [CP] Check Pods Manifest.lock */ = {
			isa = PBXShellScriptBuildPhase;
			buildActionMask = 2147483647;
			files = (
			);
			inputPaths = (
			);
			name = "[CP] Check Pods Manifest.lock";
			outputPaths = (
			);
			runOnlyForDeploymentPostprocessing = 0;
			shellPath = /bin/sh;
			shellScript = "diff \"${PODS_ROOT}/../Podfile.lock\" \"${PODS_ROOT}/Manifest.lock\" > /dev/null\nif [ $? != 0 ] ; then\n    # print error to STDERR\n    echo \"error: The sandbox is not in sync with the Podfile.lock. Run 'pod install' or update your CocoaPods installation.\" >&2\n    exit 1\nfi\n";
			showEnvVarsInLog = 0;
		};
		FD81300232D42FF709F4DD33 /* [CP] Embed Pods Frameworks */ = {
			isa = PBXShellScriptBuildPhase;
			buildActionMask = 2147483647;
			files = (
			);
			inputPaths = (
			);
			name = "[CP] Embed Pods Frameworks";
			outputPaths = (
			);
			runOnlyForDeploymentPostprocessing = 0;
			shellPath = /bin/sh;
			shellScript = "\"${SRCROOT}/Pods/Target Support Files/Pods-Tutus InviteUITests/Pods-Tutus InviteUITests-frameworks.sh\"\n";
			showEnvVarsInLog = 0;
		};
/* End PBXShellScriptBuildPhase section */

/* Begin PBXSourcesBuildPhase section */
		B93D65E01DF0E82700210219 /* Sources */ = {
			isa = PBXSourcesBuildPhase;
			buildActionMask = 2147483647;
			files = (
				B93D66201DF0F2FE00210219 /* LoginViewController.swift in Sources */,
				B93D65EA1DF0E82700210219 /* ViewController.swift in Sources */,
				B93D661F1DF0F2FE00210219 /* LoginClient.swift in Sources */,
				B93D661E1DF0F2FE00210219 /* BaseViewController.swift in Sources */,
				B93D66211DF0F2FE00210219 /* LoginParser.swift in Sources */,
				B93D661D1DF0F2FE00210219 /* UserClient.swift in Sources */,
				B93D65E81DF0E82700210219 /* AppDelegate.swift in Sources */,
				B93D66241DF0F35400210219 /* MenuViewController.swift in Sources */,
			);
			runOnlyForDeploymentPostprocessing = 0;
		};
		B93D65F41DF0E82800210219 /* Sources */ = {
			isa = PBXSourcesBuildPhase;
			buildActionMask = 2147483647;
			files = (
				B93D65FD1DF0E82800210219 /* Tutus_InviteTests.swift in Sources */,
			);
			runOnlyForDeploymentPostprocessing = 0;
		};
		B93D65FF1DF0E82800210219 /* Sources */ = {
			isa = PBXSourcesBuildPhase;
			buildActionMask = 2147483647;
			files = (
				B93D66081DF0E82800210219 /* Tutus_InviteUITests.swift in Sources */,
			);
			runOnlyForDeploymentPostprocessing = 0;
		};
/* End PBXSourcesBuildPhase section */

/* Begin PBXTargetDependency section */
		B93D65FA1DF0E82800210219 /* PBXTargetDependency */ = {
			isa = PBXTargetDependency;
			target = B93D65E31DF0E82700210219 /* Tutus Invite */;
			targetProxy = B93D65F91DF0E82800210219 /* PBXContainerItemProxy */;
		};
		B93D66051DF0E82800210219 /* PBXTargetDependency */ = {
			isa = PBXTargetDependency;
			target = B93D65E31DF0E82700210219 /* Tutus Invite */;
			targetProxy = B93D66041DF0E82800210219 /* PBXContainerItemProxy */;
		};
/* End PBXTargetDependency section */

/* Begin PBXVariantGroup section */
		B93D65EB1DF0E82700210219 /* Main.storyboard */ = {
			isa = PBXVariantGroup;
			children = (
				B93D65EC1DF0E82700210219 /* Base */,
			);
			name = Main.storyboard;
			sourceTree = "<group>";
		};
		B93D65F01DF0E82700210219 /* LaunchScreen.storyboard */ = {
			isa = PBXVariantGroup;
			children = (
				B93D65F11DF0E82700210219 /* Base */,
			);
			name = LaunchScreen.storyboard;
			sourceTree = "<group>";
		};
/* End PBXVariantGroup section */

/* Begin XCBuildConfiguration section */
		B93D660A1DF0E82800210219 /* Debug */ = {
			isa = XCBuildConfiguration;
			buildSettings = {
				ALWAYS_SEARCH_USER_PATHS = NO;
				CLANG_ANALYZER_NONNULL = YES;
				CLANG_CXX_LANGUAGE_STANDARD = "gnu++0x";
				CLANG_CXX_LIBRARY = "libc++";
				CLANG_ENABLE_MODULES = YES;
				CLANG_ENABLE_OBJC_ARC = YES;
				CLANG_WARN_BOOL_CONVERSION = YES;
				CLANG_WARN_CONSTANT_CONVERSION = YES;
				CLANG_WARN_DIRECT_OBJC_ISA_USAGE = YES_ERROR;
				CLANG_WARN_DOCUMENTATION_COMMENTS = YES;
				CLANG_WARN_EMPTY_BODY = YES;
				CLANG_WARN_ENUM_CONVERSION = YES;
				CLANG_WARN_INFINITE_RECURSION = YES;
				CLANG_WARN_INT_CONVERSION = YES;
				CLANG_WARN_OBJC_ROOT_CLASS = YES_ERROR;
				CLANG_WARN_SUSPICIOUS_MOVES = YES;
				CLANG_WARN_UNREACHABLE_CODE = YES;
				CLANG_WARN__DUPLICATE_METHOD_MATCH = YES;
				"CODE_SIGN_IDENTITY[sdk=iphoneos*]" = "iPhone Developer";
				COPY_PHASE_STRIP = NO;
				DEBUG_INFORMATION_FORMAT = dwarf;
				ENABLE_STRICT_OBJC_MSGSEND = YES;
				ENABLE_TESTABILITY = YES;
				GCC_C_LANGUAGE_STANDARD = gnu99;
				GCC_DYNAMIC_NO_PIC = NO;
				GCC_NO_COMMON_BLOCKS = YES;
				GCC_OPTIMIZATION_LEVEL = 0;
				GCC_PREPROCESSOR_DEFINITIONS = (
					"DEBUG=1",
					"$(inherited)",
				);
				GCC_WARN_64_TO_32_BIT_CONVERSION = YES;
				GCC_WARN_ABOUT_RETURN_TYPE = YES_ERROR;
				GCC_WARN_UNDECLARED_SELECTOR = YES;
				GCC_WARN_UNINITIALIZED_AUTOS = YES_AGGRESSIVE;
				GCC_WARN_UNUSED_FUNCTION = YES;
				GCC_WARN_UNUSED_VARIABLE = YES;
				IPHONEOS_DEPLOYMENT_TARGET = 10.1;
				MTL_ENABLE_DEBUG_INFO = YES;
				ONLY_ACTIVE_ARCH = YES;
				SDKROOT = iphoneos;
				SWIFT_ACTIVE_COMPILATION_CONDITIONS = DEBUG;
				SWIFT_OPTIMIZATION_LEVEL = "-Onone";
			};
			name = Debug;
		};
		B93D660B1DF0E82800210219 /* Release */ = {
			isa = XCBuildConfiguration;
			buildSettings = {
				ALWAYS_SEARCH_USER_PATHS = NO;
				CLANG_ANALYZER_NONNULL = YES;
				CLANG_CXX_LANGUAGE_STANDARD = "gnu++0x";
				CLANG_CXX_LIBRARY = "libc++";
				CLANG_ENABLE_MODULES = YES;
				CLANG_ENABLE_OBJC_ARC = YES;
				CLANG_WARN_BOOL_CONVERSION = YES;
				CLANG_WARN_CONSTANT_CONVERSION = YES;
				CLANG_WARN_DIRECT_OBJC_ISA_USAGE = YES_ERROR;
				CLANG_WARN_DOCUMENTATION_COMMENTS = YES;
				CLANG_WARN_EMPTY_BODY = YES;
				CLANG_WARN_ENUM_CONVERSION = YES;
				CLANG_WARN_INFINITE_RECURSION = YES;
				CLANG_WARN_INT_CONVERSION = YES;
				CLANG_WARN_OBJC_ROOT_CLASS = YES_ERROR;
				CLANG_WARN_SUSPICIOUS_MOVES = YES;
				CLANG_WARN_UNREACHABLE_CODE = YES;
				CLANG_WARN__DUPLICATE_METHOD_MATCH = YES;
				"CODE_SIGN_IDENTITY[sdk=iphoneos*]" = "iPhone Developer";
				COPY_PHASE_STRIP = NO;
				DEBUG_INFORMATION_FORMAT = "dwarf-with-dsym";
				ENABLE_NS_ASSERTIONS = NO;
				ENABLE_STRICT_OBJC_MSGSEND = YES;
				GCC_C_LANGUAGE_STANDARD = gnu99;
				GCC_NO_COMMON_BLOCKS = YES;
				GCC_WARN_64_TO_32_BIT_CONVERSION = YES;
				GCC_WARN_ABOUT_RETURN_TYPE = YES_ERROR;
				GCC_WARN_UNDECLARED_SELECTOR = YES;
				GCC_WARN_UNINITIALIZED_AUTOS = YES_AGGRESSIVE;
				GCC_WARN_UNUSED_FUNCTION = YES;
				GCC_WARN_UNUSED_VARIABLE = YES;
				IPHONEOS_DEPLOYMENT_TARGET = 10.1;
				MTL_ENABLE_DEBUG_INFO = NO;
				SDKROOT = iphoneos;
				SWIFT_OPTIMIZATION_LEVEL = "-Owholemodule";
				VALIDATE_PRODUCT = YES;
			};
			name = Release;
		};
		B93D660D1DF0E82800210219 /* Debug */ = {
			isa = XCBuildConfiguration;
			baseConfigurationReference = 1A306E8607648659A4FBB43D /* Pods-Tutus Invite.debug.xcconfig */;
			buildSettings = {
				ASSETCATALOG_COMPILER_APPICON_NAME = AppIcon;
				CODE_SIGN_ENTITLEMENTS = "Tutus Invite/Tutus Invite.entitlements";
				DEVELOPMENT_TEAM = 4DWM5E7J8T;
				INFOPLIST_FILE = "Tutus Invite/Info.plist";
				LD_RUNPATH_SEARCH_PATHS = "$(inherited) @executable_path/Frameworks";
				PRODUCT_BUNDLE_IDENTIFIER = "project.Tutus-Invite";
				PRODUCT_NAME = "$(TARGET_NAME)";
				SWIFT_VERSION = 3.0;
			};
			name = Debug;
		};
		B93D660E1DF0E82800210219 /* Release */ = {
			isa = XCBuildConfiguration;
			baseConfigurationReference = 88C05D6A9CC4213B9AC37A0B /* Pods-Tutus Invite.release.xcconfig */;
			buildSettings = {
				ASSETCATALOG_COMPILER_APPICON_NAME = AppIcon;
				CODE_SIGN_ENTITLEMENTS = "Tutus Invite/Tutus Invite.entitlements";
				DEVELOPMENT_TEAM = 4DWM5E7J8T;
				INFOPLIST_FILE = "Tutus Invite/Info.plist";
				LD_RUNPATH_SEARCH_PATHS = "$(inherited) @executable_path/Frameworks";
				PRODUCT_BUNDLE_IDENTIFIER = "project.Tutus-Invite";
				PRODUCT_NAME = "$(TARGET_NAME)";
				SWIFT_VERSION = 3.0;
			};
			name = Release;
		};
		B93D66101DF0E82800210219 /* Debug */ = {
			isa = XCBuildConfiguration;
			baseConfigurationReference = 3711247856E68AE01C67B7BB /* Pods-Tutus InviteTests.debug.xcconfig */;
			buildSettings = {
				ALWAYS_EMBED_SWIFT_STANDARD_LIBRARIES = YES;
				BUNDLE_LOADER = "$(TEST_HOST)";
				DEVELOPMENT_TEAM = 4DWM5E7J8T;
				INFOPLIST_FILE = "Tutus InviteTests/Info.plist";
				LD_RUNPATH_SEARCH_PATHS = "$(inherited) @executable_path/Frameworks @loader_path/Frameworks";
				PRODUCT_BUNDLE_IDENTIFIER = "project.Tutus-InviteTests";
				PRODUCT_NAME = "$(TARGET_NAME)";
				SWIFT_VERSION = 3.0;
				TEST_HOST = "$(BUILT_PRODUCTS_DIR)/Tutus Invite.app/Tutus Invite";
			};
			name = Debug;
		};
		B93D66111DF0E82800210219 /* Release */ = {
			isa = XCBuildConfiguration;
			baseConfigurationReference = BD65FAEC5C88B862E872DED3 /* Pods-Tutus InviteTests.release.xcconfig */;
			buildSettings = {
				ALWAYS_EMBED_SWIFT_STANDARD_LIBRARIES = YES;
				BUNDLE_LOADER = "$(TEST_HOST)";
				DEVELOPMENT_TEAM = 4DWM5E7J8T;
				INFOPLIST_FILE = "Tutus InviteTests/Info.plist";
				LD_RUNPATH_SEARCH_PATHS = "$(inherited) @executable_path/Frameworks @loader_path/Frameworks";
				PRODUCT_BUNDLE_IDENTIFIER = "project.Tutus-InviteTests";
				PRODUCT_NAME = "$(TARGET_NAME)";
				SWIFT_VERSION = 3.0;
				TEST_HOST = "$(BUILT_PRODUCTS_DIR)/Tutus Invite.app/Tutus Invite";
			};
			name = Release;
		};
		B93D66131DF0E82800210219 /* Debug */ = {
			isa = XCBuildConfiguration;
			baseConfigurationReference = C6AA7FAA3CA086755320F357 /* Pods-Tutus InviteUITests.debug.xcconfig */;
			buildSettings = {
				ALWAYS_EMBED_SWIFT_STANDARD_LIBRARIES = YES;
				DEVELOPMENT_TEAM = 4DWM5E7J8T;
				INFOPLIST_FILE = "Tutus InviteUITests/Info.plist";
				LD_RUNPATH_SEARCH_PATHS = "$(inherited) @executable_path/Frameworks @loader_path/Frameworks";
				PRODUCT_BUNDLE_IDENTIFIER = "project.Tutus-InviteUITests";
				PRODUCT_NAME = "$(TARGET_NAME)";
				SWIFT_VERSION = 3.0;
				TEST_TARGET_NAME = "Tutus Invite";
			};
			name = Debug;
		};
		B93D66141DF0E82800210219 /* Release */ = {
			isa = XCBuildConfiguration;
			baseConfigurationReference = 3114875A9360CA386CE7F203 /* Pods-Tutus InviteUITests.release.xcconfig */;
			buildSettings = {
				ALWAYS_EMBED_SWIFT_STANDARD_LIBRARIES = YES;
				DEVELOPMENT_TEAM = 4DWM5E7J8T;
				INFOPLIST_FILE = "Tutus InviteUITests/Info.plist";
				LD_RUNPATH_SEARCH_PATHS = "$(inherited) @executable_path/Frameworks @loader_path/Frameworks";
				PRODUCT_BUNDLE_IDENTIFIER = "project.Tutus-InviteUITests";
				PRODUCT_NAME = "$(TARGET_NAME)";
				SWIFT_VERSION = 3.0;
				TEST_TARGET_NAME = "Tutus Invite";
			};
			name = Release;
		};
/* End XCBuildConfiguration section */

/* Begin XCConfigurationList section */
		B93D65DF1DF0E82700210219 /* Build configuration list for PBXProject "Tutus Invite" */ = {
			isa = XCConfigurationList;
			buildConfigurations = (
				B93D660A1DF0E82800210219 /* Debug */,
				B93D660B1DF0E82800210219 /* Release */,
			);
			defaultConfigurationIsVisible = 0;
			defaultConfigurationName = Release;
		};
		B93D660C1DF0E82800210219 /* Build configuration list for PBXNativeTarget "Tutus Invite" */ = {
			isa = XCConfigurationList;
			buildConfigurations = (
				B93D660D1DF0E82800210219 /* Debug */,
				B93D660E1DF0E82800210219 /* Release */,
			);
			defaultConfigurationIsVisible = 0;
			defaultConfigurationName = Release;
		};
		B93D660F1DF0E82800210219 /* Build configuration list for PBXNativeTarget "Tutus InviteTests" */ = {
			isa = XCConfigurationList;
			buildConfigurations = (
				B93D66101DF0E82800210219 /* Debug */,
				B93D66111DF0E82800210219 /* Release */,
			);
			defaultConfigurationIsVisible = 0;
			defaultConfigurationName = Release;
		};
		B93D66121DF0E82800210219 /* Build configuration list for PBXNativeTarget "Tutus InviteUITests" */ = {
			isa = XCConfigurationList;
			buildConfigurations = (
				B93D66131DF0E82800210219 /* Debug */,
				B93D66141DF0E82800210219 /* Release */,
			);
			defaultConfigurationIsVisible = 0;
			defaultConfigurationName = Release;
		};
/* End XCConfigurationList section */
	};
	rootObject = B93D65DC1DF0E82700210219 /* Project object */;
}
